// !$*UTF8*$!
{
	archiveVersion = 1;
	classes = {
	};
	objectVersion = 48;
	objects = {

/* Begin PBXBuildFile section */
		616A751F1C74B1F3F56DFB85 /* Pods_Remember.framework in Frameworks */ = {isa = PBXBuildFile; fileRef = 38A2520A441F0B31C6D75A8F /* Pods_Remember.framework */; };
		9792466F1FF912F900ADAAC6 /* AppDelegate.swift in Sources */ = {isa = PBXBuildFile; fileRef = 9792466E1FF912F900ADAAC6 /* AppDelegate.swift */; };
		979246711FF912F900ADAAC6 /* TodoListViewController.swift in Sources */ = {isa = PBXBuildFile; fileRef = 979246701FF912F900ADAAC6 /* TodoListViewController.swift */; };
		979246741FF912F900ADAAC6 /* Main.storyboard in Resources */ = {isa = PBXBuildFile; fileRef = 979246721FF912F900ADAAC6 /* Main.storyboard */; };
		979246761FF912F900ADAAC6 /* Assets.xcassets in Resources */ = {isa = PBXBuildFile; fileRef = 979246751FF912F900ADAAC6 /* Assets.xcassets */; };
		979246791FF912F900ADAAC6 /* LaunchScreen.storyboard in Resources */ = {isa = PBXBuildFile; fileRef = 979246771FF912F900ADAAC6 /* LaunchScreen.storyboard */; };
		979246881FFB7A1900ADAAC6 /* Default-568h@2x.png in Resources */ = {isa = PBXBuildFile; fileRef = 979246871FFB7A1900ADAAC6 /* Default-568h@2x.png */; };
		979246B01FFC044700ADAAC6 /* CategoryViewController.swift in Sources */ = {isa = PBXBuildFile; fileRef = 979246AF1FFC044700ADAAC6 /* CategoryViewController.swift */; };
		979246B41FFC155C00ADAAC6 /* Item.swift in Sources */ = {isa = PBXBuildFile; fileRef = 979246B31FFC155C00ADAAC6 /* Item.swift */; };
		979246B61FFC156200ADAAC6 /* Category.swift in Sources */ = {isa = PBXBuildFile; fileRef = 979246B51FFC156200ADAAC6 /* Category.swift */; };
		979246B81FFCA92900ADAAC6 /* SwipeTableViewController.swift in Sources */ = {isa = PBXBuildFile; fileRef = 979246B71FFCA92900ADAAC6 /* SwipeTableViewController.swift */; };
/* End PBXBuildFile section */

/* Begin PBXFileReference section */
		30D7070CDA156C5AD399B23B /* Pods-Remember.debug.xcconfig */ = {isa = PBXFileReference; includeInIndex = 1; lastKnownFileType = text.xcconfig; name = "Pods-Remember.debug.xcconfig"; path = "Pods/Target Support Files/Pods-Remember/Pods-Remember.debug.xcconfig"; sourceTree = "<group>"; };
		38A2520A441F0B31C6D75A8F /* Pods_Remember.framework */ = {isa = PBXFileReference; explicitFileType = wrapper.framework; includeInIndex = 0; path = Pods_Remember.framework; sourceTree = BUILT_PRODUCTS_DIR; };
		9792466B1FF912F900ADAAC6 /* Remember.app */ = {isa = PBXFileReference; explicitFileType = wrapper.application; includeInIndex = 0; path = Remember.app; sourceTree = BUILT_PRODUCTS_DIR; };
		9792466E1FF912F900ADAAC6 /* AppDelegate.swift */ = {isa = PBXFileReference; lastKnownFileType = sourcecode.swift; path = AppDelegate.swift; sourceTree = "<group>"; };
		979246701FF912F900ADAAC6 /* TodoListViewController.swift */ = {isa = PBXFileReference; lastKnownFileType = sourcecode.swift; path = TodoListViewController.swift; sourceTree = "<group>"; };
		979246731FF912F900ADAAC6 /* Base */ = {isa = PBXFileReference; lastKnownFileType = file.storyboard; name = Base; path = Base.lproj/Main.storyboard; sourceTree = "<group>"; };
		979246751FF912F900ADAAC6 /* Assets.xcassets */ = {isa = PBXFileReference; lastKnownFileType = folder.assetcatalog; path = Assets.xcassets; sourceTree = "<group>"; };
		979246781FF912F900ADAAC6 /* Base */ = {isa = PBXFileReference; lastKnownFileType = file.storyboard; name = Base; path = Base.lproj/LaunchScreen.storyboard; sourceTree = "<group>"; };
		979246871FFB7A1900ADAAC6 /* Default-568h@2x.png */ = {isa = PBXFileReference; lastKnownFileType = image.png; path = "Default-568h@2x.png"; sourceTree = "<group>"; };
		979246891FFB7BA000ADAAC6 /* Info.plist */ = {isa = PBXFileReference; fileEncoding = 4; lastKnownFileType = text.plist.xml; path = Info.plist; sourceTree = "<group>"; };
		979246AF1FFC044700ADAAC6 /* CategoryViewController.swift */ = {isa = PBXFileReference; lastKnownFileType = sourcecode.swift; name = CategoryViewController.swift; path = Remember/Controller/CategoryViewController.swift; sourceTree = SOURCE_ROOT; };
		979246B31FFC155C00ADAAC6 /* Item.swift */ = {isa = PBXFileReference; lastKnownFileType = sourcecode.swift; path = Item.swift; sourceTree = "<group>"; };
		979246B51FFC156200ADAAC6 /* Category.swift */ = {isa = PBXFileReference; lastKnownFileType = sourcecode.swift; path = Category.swift; sourceTree = "<group>"; };
		979246B71FFCA92900ADAAC6 /* SwipeTableViewController.swift */ = {isa = PBXFileReference; lastKnownFileType = sourcecode.swift; path = SwipeTableViewController.swift; sourceTree = "<group>"; };
		AEBC704848D48EA464B54131 /* Pods-Remember.release.xcconfig */ = {isa = PBXFileReference; includeInIndex = 1; lastKnownFileType = text.xcconfig; name = "Pods-Remember.release.xcconfig"; path = "Pods/Target Support Files/Pods-Remember/Pods-Remember.release.xcconfig"; sourceTree = "<group>"; };
/* End PBXFileReference section */

/* Begin PBXFrameworksBuildPhase section */
		979246681FF912F900ADAAC6 /* Frameworks */ = {
			isa = PBXFrameworksBuildPhase;
			buildActionMask = 2147483647;
			files = (
				616A751F1C74B1F3F56DFB85 /* Pods_Remember.framework in Frameworks */,
			);
			runOnlyForDeploymentPostprocessing = 0;
		};
/* End PBXFrameworksBuildPhase section */

/* Begin PBXGroup section */
		979246621FF912F900ADAAC6 = {
			isa = PBXGroup;
			children = (
				979246891FFB7BA000ADAAC6 /* Info.plist */,
				979246871FFB7A1900ADAAC6 /* Default-568h@2x.png */,
				9792466D1FF912F900ADAAC6 /* Remember */,
				9792466C1FF912F900ADAAC6 /* Products */,
				DF4DEB1F4F03331D3294D38D /* Pods */,
				C3E83CA85DEE3C0DAFE7C1F8 /* Frameworks */,
			);
			sourceTree = "<group>";
		};
		9792466C1FF912F900ADAAC6 /* Products */ = {
			isa = PBXGroup;
			children = (
				9792466B1FF912F900ADAAC6 /* Remember.app */,
			);
			name = Products;
			sourceTree = "<group>";
		};
		9792466D1FF912F900ADAAC6 /* Remember */ = {
			isa = PBXGroup;
			children = (
				9792466E1FF912F900ADAAC6 /* AppDelegate.swift */,
				979246821FFB773C00ADAAC6 /* Model */,
				979246831FFB774800ADAAC6 /* View */,
				979246851FFB776D00ADAAC6 /* Controller */,
				979246861FFB77FD00ADAAC6 /* Supporting Files */,
			);
			path = Remember;
			sourceTree = "<group>";
		};
		979246821FFB773C00ADAAC6 /* Model */ = {
			isa = PBXGroup;
			children = (
				979246B51FFC156200ADAAC6 /* Category.swift */,
				979246B31FFC155C00ADAAC6 /* Item.swift */,
			);
			path = Model;
			sourceTree = "<group>";
		};
		979246831FFB774800ADAAC6 /* View */ = {
			isa = PBXGroup;
			children = (
				979246721FF912F900ADAAC6 /* Main.storyboard */,
				979246771FF912F900ADAAC6 /* LaunchScreen.storyboard */,
			);
			path = View;
			sourceTree = "<group>";
		};
		979246851FFB776D00ADAAC6 /* Controller */ = {
			isa = PBXGroup;
			children = (
				979246AF1FFC044700ADAAC6 /* CategoryViewController.swift */,
				979246701FF912F900ADAAC6 /* TodoListViewController.swift */,
				979246B71FFCA92900ADAAC6 /* SwipeTableViewController.swift */,
			);
			path = Controller;
			sourceTree = "<group>";
		};
		979246861FFB77FD00ADAAC6 /* Supporting Files */ = {
			isa = PBXGroup;
			children = (
				979246751FF912F900ADAAC6 /* Assets.xcassets */,
			);
			path = "Supporting Files";
			sourceTree = "<group>";
		};
		C3E83CA85DEE3C0DAFE7C1F8 /* Frameworks */ = {
			isa = PBXGroup;
			children = (
				38A2520A441F0B31C6D75A8F /* Pods_Remember.framework */,
			);
			name = Frameworks;
			sourceTree = "<group>";
		};
		DF4DEB1F4F03331D3294D38D /* Pods */ = {
			isa = PBXGroup;
			children = (
				30D7070CDA156C5AD399B23B /* Pods-Remember.debug.xcconfig */,
				AEBC704848D48EA464B54131 /* Pods-Remember.release.xcconfig */,
			);
			name = Pods;
			sourceTree = "<group>";
		};
/* End PBXGroup section */

/* Begin PBXNativeTarget section */
		9792466A1FF912F900ADAAC6 /* Remember */ = {
			isa = PBXNativeTarget;
			buildConfigurationList = 9792467D1FF912F900ADAAC6 /* Build configuration list for PBXNativeTarget "Remember" */;
			buildPhases = (
				9758863EC3B8260DADBAD5F2 /* [CP] Check Pods Manifest.lock */,
				979246671FF912F900ADAAC6 /* Sources */,
				979246681FF912F900ADAAC6 /* Frameworks */,
				979246691FF912F900ADAAC6 /* Resources */,
				3B7BFBD34CBF9F838C0AA423 /* [CP] Embed Pods Frameworks */,
				6C04DA6035B7449E38ED3DAC /* [CP] Copy Pods Resources */,
			);
			buildRules = (
			);
			dependencies = (
			);
			name = Remember;
			productName = Remember;
			productReference = 9792466B1FF912F900ADAAC6 /* Remember.app */;
			productType = "com.apple.product-type.application";
		};
/* End PBXNativeTarget section */

/* Begin PBXProject section */
		979246631FF912F900ADAAC6 /* Project object */ = {
			isa = PBXProject;
			attributes = {
				LastSwiftUpdateCheck = 0920;
				LastUpgradeCheck = 0920;
				ORGANIZATIONNAME = "Karrui Lau";
				TargetAttributes = {
					9792466A1FF912F900ADAAC6 = {
						CreatedOnToolsVersion = 9.2;
						ProvisioningStyle = Automatic;
					};
				};
			};
			buildConfigurationList = 979246661FF912F900ADAAC6 /* Build configuration list for PBXProject "Remember" */;
			compatibilityVersion = "Xcode 8.0";
			developmentRegion = en;
			hasScannedForEncodings = 0;
			knownRegions = (
				en,
				Base,
			);
			mainGroup = 979246621FF912F900ADAAC6;
			productRefGroup = 9792466C1FF912F900ADAAC6 /* Products */;
			projectDirPath = "";
			projectRoot = "";
			targets = (
				9792466A1FF912F900ADAAC6 /* Remember */,
			);
		};
/* End PBXProject section */

/* Begin PBXResourcesBuildPhase section */
		979246691FF912F900ADAAC6 /* Resources */ = {
			isa = PBXResourcesBuildPhase;
			buildActionMask = 2147483647;
			files = (
				979246791FF912F900ADAAC6 /* LaunchScreen.storyboard in Resources */,
				979246881FFB7A1900ADAAC6 /* Default-568h@2x.png in Resources */,
				979246761FF912F900ADAAC6 /* Assets.xcassets in Resources */,
				979246741FF912F900ADAAC6 /* Main.storyboard in Resources */,
			);
			runOnlyForDeploymentPostprocessing = 0;
		};
/* End PBXResourcesBuildPhase section */

/* Begin PBXShellScriptBuildPhase section */
		3B7BFBD34CBF9F838C0AA423 /* [CP] Embed Pods Frameworks */ = {
			isa = PBXShellScriptBuildPhase;
			buildActionMask = 2147483647;
			files = (
			);
			inputPaths = (
				"${SRCROOT}/Pods/Target Support Files/Pods-Remember/Pods-Remember-frameworks.sh",
				"${BUILT_PRODUCTS_DIR}/ChameleonFramework/ChameleonFramework.framework",
				"${BUILT_PRODUCTS_DIR}/Realm/Realm.framework",
				"${BUILT_PRODUCTS_DIR}/RealmSwift/RealmSwift.framework",
				"${BUILT_PRODUCTS_DIR}/SwipeCellKit/SwipeCellKit.framework",
			);
			name = "[CP] Embed Pods Frameworks";
			outputPaths = (
				"${TARGET_BUILD_DIR}/${FRAMEWORKS_FOLDER_PATH}/ChameleonFramework.framework",
				"${TARGET_BUILD_DIR}/${FRAMEWORKS_FOLDER_PATH}/Realm.framework",
				"${TARGET_BUILD_DIR}/${FRAMEWORKS_FOLDER_PATH}/RealmSwift.framework",
				"${TARGET_BUILD_DIR}/${FRAMEWORKS_FOLDER_PATH}/SwipeCellKit.framework",
			);
			runOnlyForDeploymentPostprocessing = 0;
			shellPath = /bin/sh;
			shellScript = "\"${SRCROOT}/Pods/Target Support Files/Pods-Remember/Pods-Remember-frameworks.sh\"\n";
			showEnvVarsInLog = 0;
		};
		6C04DA6035B7449E38ED3DAC /* [CP] Copy Pods Resources */ = {
			isa = PBXShellScriptBuildPhase;
			buildActionMask = 2147483647;
			files = (
			);
			inputPaths = (
			);
			name = "[CP] Copy Pods Resources";
			outputPaths = (
			);
			runOnlyForDeploymentPostprocessing = 0;
			shellPath = /bin/sh;
			shellScript = "\"${SRCROOT}/Pods/Target Support Files/Pods-Remember/Pods-Remember-resources.sh\"\n";
			showEnvVarsInLog = 0;
		};
		9758863EC3B8260DADBAD5F2 /* [CP] Check Pods Manifest.lock */ = {
			isa = PBXShellScriptBuildPhase;
			buildActionMask = 2147483647;
			files = (
			);
			inputPaths = (
				"${PODS_PODFILE_DIR_PATH}/Podfile.lock",
				"${PODS_ROOT}/Manifest.lock",
			);
			name = "[CP] Check Pods Manifest.lock";
			outputPaths = (
				"$(DERIVED_FILE_DIR)/Pods-Remember-checkManifestLockResult.txt",
			);
			runOnlyForDeploymentPostprocessing = 0;
			shellPath = /bin/sh;
			shellScript = "diff \"${PODS_PODFILE_DIR_PATH}/Podfile.lock\" \"${PODS_ROOT}/Manifest.lock\" > /dev/null\nif [ $? != 0 ] ; then\n    # print error to STDERR\n    echo \"error: The sandbox is not in sync with the Podfile.lock. Run 'pod install' or update your CocoaPods installation.\" >&2\n    exit 1\nfi\n# This output is used by Xcode 'outputs' to avoid re-running this script phase.\necho \"SUCCESS\" > \"${SCRIPT_OUTPUT_FILE_0}\"\n";
			showEnvVarsInLog = 0;
		};
/* End PBXShellScriptBuildPhase section */

/* Begin PBXSourcesBuildPhase section */
		979246671FF912F900ADAAC6 /* Sources */ = {
			isa = PBXSourcesBuildPhase;
			buildActionMask = 2147483647;
			files = (
				979246B41FFC155C00ADAAC6 /* Item.swift in Sources */,
				979246B01FFC044700ADAAC6 /* CategoryViewController.swift in Sources */,
				979246711FF912F900ADAAC6 /* TodoListViewController.swift in Sources */,
				9792466F1FF912F900ADAAC6 /* AppDelegate.swift in Sources */,
				979246B81FFCA92900ADAAC6 /* SwipeTableViewController.swift in Sources */,
				979246B61FFC156200ADAAC6 /* Category.swift in Sources */,
			);
			runOnlyForDeploymentPostprocessing = 0;
		};
/* End PBXSourcesBuildPhase section */

/* Begin PBXVariantGroup section */
		979246721FF912F900ADAAC6 /* Main.storyboard */ = {
			isa = PBXVariantGroup;
			children = (
				979246731FF912F900ADAAC6 /* Base */,
			);
			name = Main.storyboard;
			sourceTree = "<group>";
		};
		979246771FF912F900ADAAC6 /* LaunchScreen.storyboard */ = {
			isa = PBXVariantGroup;
			children = (
				979246781FF912F900ADAAC6 /* Base */,
			);
			name = LaunchScreen.storyboard;
			sourceTree = "<group>";
		};
/* End PBXVariantGroup section */

/* Begin XCBuildConfiguration section */
		9792467B1FF912F900ADAAC6 /* Debug */ = {
			isa = XCBuildConfiguration;
			buildSettings = {
				ALWAYS_SEARCH_USER_PATHS = NO;
				CLANG_ANALYZER_NONNULL = YES;
				CLANG_ANALYZER_NUMBER_OBJECT_CONVERSION = YES_AGGRESSIVE;
				CLANG_CXX_LANGUAGE_STANDARD = "gnu++14";
				CLANG_CXX_LIBRARY = "libc++";
				CLANG_ENABLE_MODULES = YES;
				CLANG_ENABLE_OBJC_ARC = YES;
				CLANG_WARN_BLOCK_CAPTURE_AUTORELEASING = YES;
				CLANG_WARN_BOOL_CONVERSION = YES;
				CLANG_WARN_COMMA = YES;
				CLANG_WARN_CONSTANT_CONVERSION = YES;
				CLANG_WARN_DIRECT_OBJC_ISA_USAGE = YES_ERROR;
				CLANG_WARN_DOCUMENTATION_COMMENTS = YES;
				CLANG_WARN_EMPTY_BODY = YES;
				CLANG_WARN_ENUM_CONVERSION = YES;
				CLANG_WARN_INFINITE_RECURSION = YES;
				CLANG_WARN_INT_CONVERSION = YES;
				CLANG_WARN_NON_LITERAL_NULL_CONVERSION = YES;
				CLANG_WARN_OBJC_LITERAL_CONVERSION = YES;
				CLANG_WARN_OBJC_ROOT_CLASS = YES_ERROR;
				CLANG_WARN_RANGE_LOOP_ANALYSIS = YES;
				CLANG_WARN_STRICT_PROTOTYPES = YES;
				CLANG_WARN_SUSPICIOUS_MOVE = YES;
				CLANG_WARN_UNGUARDED_AVAILABILITY = YES_AGGRESSIVE;
				CLANG_WARN_UNREACHABLE_CODE = YES;
				CLANG_WARN__DUPLICATE_METHOD_MATCH = YES;
				CODE_SIGN_IDENTITY = "iPhone Developer";
				COPY_PHASE_STRIP = NO;
				DEBUG_INFORMATION_FORMAT = dwarf;
				ENABLE_STRICT_OBJC_MSGSEND = YES;
				ENABLE_TESTABILITY = YES;
				GCC_C_LANGUAGE_STANDARD = gnu11;
				GCC_DYNAMIC_NO_PIC = NO;
				GCC_NO_COMMON_BLOCKS = YES;
				GCC_OPTIMIZATION_LEVEL = 0;
				GCC_PREPROCESSOR_DEFINITIONS = (
					"DEBUG=1",
					"$(inherited)",
				);
				GCC_WARN_64_TO_32_BIT_CONVERSION = YES;
				GCC_WARN_ABOUT_RETURN_TYPE = YES_ERROR;
				GCC_WARN_UNDECLARED_SELECTOR = YES;
				GCC_WARN_UNINITIALIZED_AUTOS = YES_AGGRESSIVE;
				GCC_WARN_UNUSED_FUNCTION = YES;
				GCC_WARN_UNUSED_VARIABLE = YES;
				IPHONEOS_DEPLOYMENT_TARGET = 11.2;
				MTL_ENABLE_DEBUG_INFO = YES;
				ONLY_ACTIVE_ARCH = YES;
				SDKROOT = iphoneos;
				SWIFT_ACTIVE_COMPILATION_CONDITIONS = DEBUG;
				SWIFT_OPTIMIZATION_LEVEL = "-Onone";
			};
			name = Debug;
		};
		9792467C1FF912F900ADAAC6 /* Release */ = {
			isa = XCBuildConfiguration;
			buildSettings = {
				ALWAYS_SEARCH_USER_PATHS = NO;
				CLANG_ANALYZER_NONNULL = YES;
				CLANG_ANALYZER_NUMBER_OBJECT_CONVERSION = YES_AGGRESSIVE;
				CLANG_CXX_LANGUAGE_STANDARD = "gnu++14";
				CLANG_CXX_LIBRARY = "libc++";
				CLANG_ENABLE_MODULES = YES;
				CLANG_ENABLE_OBJC_ARC = YES;
				CLANG_WARN_BLOCK_CAPTURE_AUTORELEASING = YES;
				CLANG_WARN_BOOL_CONVERSION = YES;
				CLANG_WARN_COMMA = YES;
				CLANG_WARN_CONSTANT_CONVERSION = YES;
				CLANG_WARN_DIRECT_OBJC_ISA_USAGE = YES_ERROR;
				CLANG_WARN_DOCUMENTATION_COMMENTS = YES;
				CLANG_WARN_EMPTY_BODY = YES;
				CLANG_WARN_ENUM_CONVERSION = YES;
				CLANG_WARN_INFINITE_RECURSION = YES;
				CLANG_WARN_INT_CONVERSION = YES;
				CLANG_WARN_NON_LITERAL_NULL_CONVERSION = YES;
				CLANG_WARN_OBJC_LITERAL_CONVERSION = YES;
				CLANG_WARN_OBJC_ROOT_CLASS = YES_ERROR;
				CLANG_WARN_RANGE_LOOP_ANALYSIS = YES;
				CLANG_WARN_STRICT_PROTOTYPES = YES;
				CLANG_WARN_SUSPICIOUS_MOVE = YES;
				CLANG_WARN_UNGUARDED_AVAILABILITY = YES_AGGRESSIVE;
				CLANG_WARN_UNREACHABLE_CODE = YES;
				CLANG_WARN__DUPLICATE_METHOD_MATCH = YES;
				CODE_SIGN_IDENTITY = "iPhone Developer";
				COPY_PHASE_STRIP = NO;
				DEBUG_INFORMATION_FORMAT = "dwarf-with-dsym";
				ENABLE_NS_ASSERTIONS = NO;
				ENABLE_STRICT_OBJC_MSGSEND = YES;
				GCC_C_LANGUAGE_STANDARD = gnu11;
				GCC_NO_COMMON_BLOCKS = YES;
				GCC_WARN_64_TO_32_BIT_CONVERSION = YES;
				GCC_WARN_ABOUT_RETURN_TYPE = YES_ERROR;
				GCC_WARN_UNDECLARED_SELECTOR = YES;
				GCC_WARN_UNINITIALIZED_AUTOS = YES_AGGRESSIVE;
				GCC_WARN_UNUSED_FUNCTION = YES;
				GCC_WARN_UNUSED_VARIABLE = YES;
				IPHONEOS_DEPLOYMENT_TARGET = 11.2;
				MTL_ENABLE_DEBUG_INFO = NO;
				SDKROOT = iphoneos;
				SWIFT_OPTIMIZATION_LEVEL = "-Owholemodule";
				VALIDATE_PRODUCT = YES;
			};
			name = Release;
		};
		9792467E1FF912F900ADAAC6 /* Debug */ = {
			isa = XCBuildConfiguration;
			baseConfigurationReference = 30D7070CDA156C5AD399B23B /* Pods-Remember.debug.xcconfig */;
			buildSettings = {
				ASSETCATALOG_COMPILER_APPICON_NAME = AppIcon;
				CODE_SIGN_STYLE = Automatic;
				DEVELOPMENT_TEAM = FH2EF8NL6A;
				INFOPLIST_FILE = "$(SRCROOT)/Info.plist";
				IPHONEOS_DEPLOYMENT_TARGET = 11.0;
				LD_RUNPATH_SEARCH_PATHS = "$(inherited) @executable_path/Frameworks";
				PRODUCT_BUNDLE_IDENTIFIER = com.karrui.Remember;
				PRODUCT_NAME = "$(TARGET_NAME)";
				SWIFT_VERSION = 4.0;
				TARGETED_DEVICE_FAMILY = "1,2";
			};
			name = Debug;
		};
		9792467F1FF912F900ADAAC6 /* Release */ = {
			isa = XCBuildConfiguration;
			baseConfigurationReference = AEBC704848D48EA464B54131 /* Pods-Remember.release.xcconfig */;
			buildSettings = {
				ASSETCATALOG_COMPILER_APPICON_NAME = AppIcon;
				CODE_SIGN_STYLE = Automatic;
				DEVELOPMENT_TEAM = FH2EF8NL6A;
				INFOPLIST_FILE = "$(SRCROOT)/Info.plist";
				IPHONEOS_DEPLOYMENT_TARGET = 11.0;
				LD_RUNPATH_SEARCH_PATHS = "$(inherited) @executable_path/Frameworks";
				PRODUCT_BUNDLE_IDENTIFIER = com.karrui.Remember;
				PRODUCT_NAME = "$(TARGET_NAME)";
				SWIFT_VERSION = 4.0;
				TARGETED_DEVICE_FAMILY = "1,2";
			};
			name = Release;
		};
/* End XCBuildConfiguration section */

/* Begin XCConfigurationList section */
		979246661FF912F900ADAAC6 /* Build configuration list for PBXProject "Remember" */ = {
			isa = XCConfigurationList;
			buildConfigurations = (
				9792467B1FF912F900ADAAC6 /* Debug */,
				9792467C1FF912F900ADAAC6 /* Release */,
			);
			defaultConfigurationIsVisible = 0;
			defaultConfigurationName = Release;
		};
		9792467D1FF912F900ADAAC6 /* Build configuration list for PBXNativeTarget "Remember" */ = {
			isa = XCConfigurationList;
			buildConfigurations = (
				9792467E1FF912F900ADAAC6 /* Debug */,
				9792467F1FF912F900ADAAC6 /* Release */,
			);
			defaultConfigurationIsVisible = 0;
			defaultConfigurationName = Release;
		};
/* End XCConfigurationList section */
	};
	rootObject = 979246631FF912F900ADAAC6 /* Project object */;
}
